# @generated - this file is auto-generated by `mise lock` https://mise.jdx.dev/dev-tools/mise-lock.html

[[tools.bun]]
version = "1.4.0"
backend = "core:bun"

[tools.bun."platforms.linux-arm64"]
checksum = "sha256:4b1a332ee861983eb93bcfe6f770fff94e3e31b2c388bdaea3c8ed35e58eed0e"
url = "https://github.com/oven-sh/bun/releases/download/bun-v1.4.0/bun-linux-aarch64.zip"

[tools.bun."platforms.linux-arm64-musl"]
checksum = "sha256:576300ce33ff16ffcd455bf178c2f095f9df845c6cc3d0284ba1c96ca0e80473"
url = "https://github.com/oven-sh/bun/releases/download/bun-v1.4.0/bun-linux-aarch64-musl.zip"

[tools.bun."platforms.linux-x64"]
checksum = "sha256:2d03fb5fb83ac8b567aca0a281b2ce1a1a19d488f56c2968d88c3f25e92fe452"
url = "https://github.com/oven-sh/bun/releases/download/bun-v1.4.0/bun-linux-x64.zip"

[tools.bun."platforms.linux-x64-baseline"]
checksum = "sha256:184fb4595f0d401a217cf7c78c1bc430ba83314dab7a8b94805babbf7fa7097f"
url = "https://github.com/oven-sh/bun/releases/download/bun-v1.4.0/bun-linux-x64-baseline.zip"

[tools.bun."platforms.linux-x64-musl"]
checksum = "sha256:83b5f12fd258dd8d4fdcaea65ede954366aa717dab399e20093ecab280d54e7a"
url = "https://github.com/oven-sh/bun/releases/download/bun-v1.4.0/bun-linux-x64-musl.zip"

[tools.bun."platforms.linux-x64-musl-baseline"]
checksum = "sha256:618c4bc1f94b02337ee210003c0b7c066f11548a8cdc5109df10db043dc47ca2"
url = "https://github.com/oven-sh/bun/releases/download/bun-v1.4.0/bun-linux-x64-musl-baseline.zip"

[tools.bun."platforms.macos-arm64"]
checksum = "sha256:c669e97f6164e1c96e0701748db98dfa77492908cbd8394c7557134a735de381"
url = "https://github.com/oven-sh/bun/releases/download/bun-v1.4.0/bun-darwin-aarch64.zip"

[tools.bun."platforms.macos-x64"]
checksum = "sha256:1d0211b8f1dc991182344687ad15e72ee86f154845a5f7fa477994cd341dd9b0"
url = "https://github.com/oven-sh/bun/releases/download/bun-v1.4.0/bun-darwin-x64.zip"

[tools.bun."platforms.macos-x64-baseline"]
checksum = "sha256:da9b9f1b4ba766c6f299711f38dfaa98623e1ed9c40896aa53db803c52ec1fa0"
url = "https://github.com/oven-sh/bun/releases/download/bun-v1.4.0/bun-darwin-x64-baseline.zip"

[tools.bun."platforms.windows-x64"]
checksum = "sha256:e6f093d39da486b20262ca8cdd5ed6a9e8bc9c2f275b78e6d3a0c5b28cc95901"
url = "https://github.com/oven-sh/bun/releases/download/bun-v1.4.0/bun-windows-x64.zip"

[tools.bun."platforms.windows-x64-baseline"]
checksum = "sha256:b929c54a9badb104a16dedd23aab6152c86793ae653d4e6b13983ffd0c882a66"
url = "https://github.com/oven-sh/bun/releases/download/bun-v1.4.0/bun-windows-x64-baseline.zip"

[[tools.cocogitto]]
version = "7.0.0"
backend = "aqua:cocogitto/cocogitto"

[tools.cocogitto."platforms.linux-arm64"]
checksum = "sha256:379949f50c4f8245ef9532913e83f351c048b55e40ebd52ed8a850642c07a753"
url = "https://github.com/cocogitto/cocogitto/releases/download/7.0.0/cocogitto-7.0.0-aarch64-unknown-linux-gnu.tar.gz"
url_api = "https://api.github.com/repos/cocogitto/cocogitto/releases/assets/366659384"

[tools.cocogitto."platforms.linux-x64"]
checksum = "sha256:e03938ff2c4c86d71c00c0f3284dbbe95c5ca76fe34a51f33e945c23010d59bb"
url = "https://github.com/cocogitto/cocogitto/releases/download/7.0.0/cocogitto-7.0.0-x86_64-unknown-linux-musl.tar.gz"
url_api = "https://api.github.com/repos/cocogitto/cocogitto/releases/assets/366659350"

[tools.cocogitto."platforms.linux-x64-baseline"]
checksum = "sha256:e03938ff2c4c86d71c00c0f3284dbbe95c5ca76fe34a51f33e945c23010d59bb"
url = "https://github.com/cocogitto/cocogitto/releases/download/7.0.0/cocogitto-7.0.0-x86_64-unknown-linux-musl.tar.gz"
url_api = "https://api.github.com/repos/cocogitto/cocogitto/releases/assets/366659350"

[tools.cocogitto."platforms.linux-x64-musl"]
checksum = "sha256:e03938ff2c4c86d71c00c0f3284dbbe95c5ca76fe34a51f33e945c23010d59bb"
url = "https://github.com/cocogitto/cocogitto/releases/download/7.0.0/cocogitto-7.0.0-x86_64-unknown-linux-musl.tar.gz"
url_api = "https://api.github.com/repos/cocogitto/cocogitto/releases/assets/366659350"

[tools.cocogitto."platforms.linux-x64-musl-baseline"]
checksum = "sha256:e03938ff2c4c86d71c00c0f3284dbbe95c5ca76fe34a51f33e945c23010d59bb"
url = "https://github.com/cocogitto/cocogitto/releases/download/7.0.0/cocogitto-7.0.0-x86_64-unknown-linux-musl.tar.gz"
url_api = "https://api.github.com/repos/cocogitto/cocogitto/releases/assets/366659350"

[tools.cocogitto."platforms.macos-arm64"]
checksum = "sha256:429303b6d68c6461aa221ab4de82b26d0bbcdee7127947ea9c7c411ab9bc574c"
url = "https://github.com/cocogitto/cocogitto/releases/download/7.0.0/cocogitto-7.0.0-aarch64-apple-darwin.tar.gz"
url_api = "https://api.github.com/repos/cocogitto/cocogitto/releases/assets/366659431"

[tools.cocogitto."platforms.macos-x64"]
checksum = "sha256:591dcd462e2e35ecc21caf41a15a65d464b7ce1ce8a5c299fa0d46a7798dddb0"
url = "https://github.com/cocogitto/cocogitto/releases/download/7.0.0/cocogitto-7.0.0-x86_64-apple-darwin.tar.gz"
url_api = "https://api.github.com/repos/cocogitto/cocogitto/releases/assets/366659418"

[tools.cocogitto."platforms.macos-x64-baseline"]
checksum = "sha256:591dcd462e2e35ecc21caf41a15a65d464b7ce1ce8a5c299fa0d46a7798dddb0"
url = "https://github.com/cocogitto/cocogitto/releases/download/7.0.0/cocogitto-7.0.0-x86_64-apple-darwin.tar.gz"
url_api = "https://api.github.com/repos/cocogitto/cocogitto/releases/assets/366659418"

[tools.cocogitto."platforms.windows-x64"]
checksum = "sha256:074f68f05d270da5c0d69d3e234ec362bec4c6e3189c21d1c948d038603655d7"
url = "https://github.com/cocogitto/cocogitto/releases/download/7.0.0/cocogitto-7.0.0-x86_64-pc-windows-msvc.tar.gz"
url_api = "https://api.github.com/repos/cocogitto/cocogitto/releases/assets/366659399"

[tools.cocogitto."platforms.windows-x64-baseline"]
checksum = "sha256:074f68f05d270da5c0d69d3e234ec362bec4c6e3189c21d1c948d038603655d7"
url = "https://github.com/cocogitto/cocogitto/releases/download/7.0.0/cocogitto-7.0.0-x86_64-pc-windows-msvc.tar.gz"
url_api = "https://api.github.com/repos/cocogitto/cocogitto/releases/assets/366659399"

[[tools.go]]
version = "1.27.0"
backend = "core:go"

[tools.go."platforms.linux-arm64"]
checksum = "sha256:51798d2c42d0e1c6ed7fd9f48728b4193abac9e8aad6dbac2fe96a81f5909bda"
url = "https://dl.google.com/go/go1.27.0.linux-arm64.tar.gz"

[tools.go."platforms.linux-arm64-musl"]
checksum = "sha256:51798d2c42d0e1c6ed7fd9f48728b4193abac9e8aad6dbac2fe96a81f5909bda"
url = "https://dl.google.com/go/go1.27.0.linux-arm64.tar.gz"

[tools.go."platforms.linux-x64"]
checksum = "sha256:675c26c449cbb18fc24b74650de1eabbae6e16f64326fd85a283fb3b58280685"
url = "https://dl.google.com/go/go1.27.0.linux-amd64.tar.gz"

[tools.go."platforms.linux-x64-baseline"]
checksum = "sha256:675c26c449cbb18fc24b74650de1eabbae6e16f64326fd85a283fb3b58280685"
url = "https://dl.google.com/go/go1.27.0.linux-amd64.tar.gz"

[tools.go."platforms.linux-x64-musl"]
checksum = "sha256:675c26c449cbb18fc24b74650de1eabbae6e16f64326fd85a283fb3b58280685"
url = "https://dl.google.com/go/go1.27.0.linux-amd64.tar.gz"

[tools.go."platforms.linux-x64-musl-baseline"]
checksum = "sha256:675c26c449cbb18fc24b74650de1eabbae6e16f64326fd85a283fb3b58280685"
url = "https://dl.google.com/go/go1.27.0.linux-amd64.tar.gz"

[tools.go."platforms.macos-arm64"]
checksum = "sha256:90493b3bbd5e10f91d12153198bf1994fd756399b4fec93b49b0c6e2acdeeb3e"
url = "https://dl.google.com/go/go1.27.0.darwin-arm64.tar.gz"

[tools.go."platforms.macos-x64"]
checksum = "sha256:d3314e25496e4381d71a5c51d2907e7af655d199f6780b549f015bd85fef4986"
url = "https://dl.google.com/go/go1.27.0.darwin-amd64.tar.gz"

[tools.go."platforms.macos-x64-baseline"]
checksum = "sha256:d3314e25496e4381d71a5c51d2907e7af655d199f6780b549f015bd85fef4986"
url = "https://dl.google.com/go/go1.27.0.darwin-amd64.tar.gz"

[tools.go."platforms.windows-x64"]
checksum = "sha256:f0c0a0d33ba94f4d2c5dbc887334ce678b21813504ddb3aafcb06e60a5a667c4"
url = "https://dl.google.com/go/go1.27.0.windows-amd64.zip"

[tools.go."platforms.windows-x64-baseline"]
checksum = "sha256:f0c0a0d33ba94f4d2c5dbc887334ce678b21813504ddb3aafcb06e60a5a667c4"
url = "https://dl.google.com/go/go1.27.0.windows-amd64.zip"

[[tools.golangci-lint]]
version = "2.13.1"
backend = "aqua:golangci/golangci-lint"

[tools.golangci-lint."platforms.linux-arm64"]
checksum = "sha256:908317c23db18448f924e853b3d8a659fd919614cd438f224810a4053daa2607"
url = "https://github.com/golangci/golangci-lint/releases/download/v2.13.1/golangci-lint-2.13.1-linux-arm64.tar.gz"
url_api = "https://api.github.com/repos/golangci/golangci-lint/releases/assets/522396912"
provenance = "github-attestations"

[tools.golangci-lint."platforms.linux-arm64-musl"]
checksum = "sha256:908317c23db18448f924e853b3d8a659fd919614cd438f224810a4053daa2607"
url = "https://github.com/golangci/golangci-lint/releases/download/v2.13.1/golangci-lint-2.13.1-linux-arm64.tar.gz"
url_api = "https://api.github.com/repos/golangci/golangci-lint/releases/assets/522396912"
provenance = "github-attestations"

[tools.golangci-lint."platforms.linux-x64"]
checksum = "sha256:b17bfbc9d4aaa48be7f4f1ce3240bc3d8200c870c072bacf15c26219e2cfb9cc"
url = "https://github.com/golangci/golangci-lint/releases/download/v2.13.1/golangci-lint-2.13.1-linux-amd64.tar.gz"
url_api = "https://api.github.com/repos/golangci/golangci-lint/releases/assets/522396872"
provenance = "github-attestations"

[tools.golangci-lint."platforms.linux-x64-baseline"]
checksum = "sha256:b17bfbc9d4aaa48be7f4f1ce3240bc3d8200c870c072bacf15c26219e2cfb9cc"
url = "https://github.com/golangci/golangci-lint/releases/download/v2.13.1/golangci-lint-2.13.1-linux-amd64.tar.gz"
url_api = "https://api.github.com/repos/golangci/golangci-lint/releases/assets/522396872"
provenance = "github-attestations"

[tools.golangci-lint."platforms.linux-x64-musl"]
checksum = "sha256:b17bfbc9d4aaa48be7f4f1ce3240bc3d8200c870c072bacf15c26219e2cfb9cc"
url = "https://github.com/golangci/golangci-lint/releases/download/v2.13.1/golangci-lint-2.13.1-linux-amd64.tar.gz"
url_api = "https://api.github.com/repos/golangci/golangci-lint/releases/assets/522396872"
provenance = "github-attestations"

[tools.golangci-lint."platforms.linux-x64-musl-baseline"]
checksum = "sha256:b17bfbc9d4aaa48be7f4f1ce3240bc3d8200c870c072bacf15c26219e2cfb9cc"
url = "https://github.com/golangci/golangci-lint/releases/download/v2.13.1/golangci-lint-2.13.1-linux-amd64.tar.gz"
url_api = "https://api.github.com/repos/golangci/golangci-lint/releases/assets/522396872"
provenance = "github-attestations"

[tools.golangci-lint."platforms.macos-arm64"]
checksum = "sha256:0c9818baf6fb8ad26c6d2ef51b68d5a1e260ef07727036b1431647cc44637c7c"
url = "https://github.com/golangci/golangci-lint/releases/download/v2.13.1/golangci-lint-2.13.1-darwin-arm64.tar.gz"
url_api = "https://api.github.com/repos/golangci/golangci-lint/releases/assets/522396798"
provenance = "github-attestations"

[tools.golangci-lint."platforms.macos-x64"]
checksum = "sha256:2c373363953e4e0bee2a03b7fe864a5eb6a3822927cb077d9ca33f2ae3cb2da2"
url = "https://github.com/golangci/golangci-lint/releases/download/v2.13.1/golangci-lint-2.13.1-darwin-amd64.tar.gz"
url_api = "https://api.github.com/repos/golangci/golangci-lint/releases/assets/522396867"
provenance = "github-attestations"

[tools.golangci-lint."platforms.macos-x64-baseline"]
checksum = "sha256:2c373363953e4e0bee2a03b7fe864a5eb6a3822927cb077d9ca33f2ae3cb2da2"
url = "https://github.com/golangci/golangci-lint/releases/download/v2.13.1/golangci-lint-2.13.1-darwin-amd64.tar.gz"
url_api = "https://api.github.com/repos/golangci/golangci-lint/releases/assets/522396867"
provenance = "github-attestations"

[tools.golangci-lint."platforms.windows-x64"]
checksum = "sha256:cc119bdd57d2b35ce36fbc174b54949e1a1e45f2cadaf64372cc799cabaf88a9"
url = "https://github.com/golangci/golangci-lint/releases/download/v2.13.1/golangci-lint-2.13.1-windows-amd64.zip"
url_api = "https://api.github.com/repos/golangci/golangci-lint/releases/assets/522396821"
provenance = "github-attestations"

[tools.golangci-lint."platforms.windows-x64-baseline"]
checksum = "sha256:cc119bdd57d2b35ce36fbc174b54949e1a1e45f2cadaf64372cc799cabaf88a9"
url = "https://github.com/golangci/golangci-lint/releases/download/v2.13.1/golangci-lint-2.13.1-windows-amd64.zip"
url_api = "https://api.github.com/repos/golangci/golangci-lint/releases/assets/522396821"
provenance = "github-attestations"

[[tools.mkcert]]
version = "1.4.4"
backend = "aqua:FiloSottile/mkcert"

[tools.mkcert."platforms.linux-arm64"]
url = "https://github.com/FiloSottile/mkcert/releases/download/v1.4.4/mkcert-v1.4.4-linux-arm64"
url_api = "https://api.github.com/repos/FiloSottile/mkcert/releases/assets/63709957"

[tools.mkcert."platforms.linux-arm64-musl"]
url = "https://github.com/FiloSottile/mkcert/releases/download/v1.4.4/mkcert-v1.4.4-linux-arm64"
url_api = "https://api.github.com/repos/FiloSottile/mkcert/releases/assets/63709957"

[tools.mkcert."platforms.linux-x64"]
checksum = "blake3:2337bf318a54e40d6fb36ee89306f031fcecc00e02dad69afa2bc2b579959f80"
url = "https://github.com/FiloSottile/mkcert/releases/download/v1.4.4/mkcert-v1.4.4-linux-amd64"
url_api = "https://api.github.com/repos/FiloSottile/mkcert/releases/assets/63709955"

[tools.mkcert."platforms.linux-x64-baseline"]
url = "https://github.com/FiloSottile/mkcert/releases/download/v1.4.4/mkcert-v1.4.4-linux-amd64"
url_api = "https://api.github.com/repos/FiloSottile/mkcert/releases/assets/63709955"

[tools.mkcert."platforms.linux-x64-musl"]
url = "https://github.com/FiloSottile/mkcert/releases/download/v1.4.4/mkcert-v1.4.4-linux-amd64"
url_api = "https://api.github.com/repos/FiloSottile/mkcert/releases/assets/63709955"

[tools.mkcert."platforms.linux-x64-musl-baseline"]
url = "https://github.com/FiloSottile/mkcert/releases/download/v1.4.4/mkcert-v1.4.4-linux-amd64"
url_api = "https://api.github.com/repos/FiloSottile/mkcert/releases/assets/63709955"

[tools.mkcert."platforms.macos-arm64"]
url = "https://github.com/FiloSottile/mkcert/releases/download/v1.4.4/mkcert-v1.4.4-darwin-arm64"
url_api = "https://api.github.com/repos/FiloSottile/mkcert/releases/assets/63709954"

[tools.mkcert."platforms.macos-x64"]
url = "https://github.com/FiloSottile/mkcert/releases/download/v1.4.4/mkcert-v1.4.4-darwin-amd64"
url_api = "https://api.github.com/repos/FiloSottile/mkcert/releases/assets/63709952"

[tools.mkcert."platforms.macos-x64-baseline"]
url = "https://github.com/FiloSottile/mkcert/releases/download/v1.4.4/mkcert-v1.4.4-darwin-amd64"
url_api = "https://api.github.com/repos/FiloSottile/mkcert/releases/assets/63709952"

[tools.mkcert."platforms.windows-x64"]
url = "https://github.com/FiloSottile/mkcert/releases/download/v1.4.4/mkcert-v1.4.4-windows-amd64.exe"
url_api = "https://api.github.com/repos/FiloSottile/mkcert/releases/assets/63709958"

[tools.mkcert."platforms.windows-x64-baseline"]
url = "https://github.com/FiloSottile/mkcert/releases/download/v1.4.4/mkcert-v1.4.4-windows-amd64.exe"
url_api = "https://api.github.com/repos/FiloSottile/mkcert/releases/assets/63709958"
